
Microsoft Visual Studio Solution File, Format Version 12.00
# Visual Studio 14
VisualStudioVersion = 14.0.25420.1
MinimumVisualStudioVersion = 10.0.40219.1
Project("{FAE04EC0-301F-11D3-BF4B-00C04F79EFBC}") = "DesktopBookkeepingClient", "Source\DesctopBookkeepingClient\DesktopBookkeepingClient.csproj", "{A9B75C31-6177-411D-8CAE-D9FF09392CC5}"
EndProject
Project("{FAE04EC0-301F-11D3-BF4B-00C04F79EFBC}") = "BookkeepingServer", "Source\BookkeepingServer\BookkeepingServer.csproj", "{2C79824B-DD84-4D52-BEF2-81BDA196CEEB}"
EndProject
Project("{FAE04EC0-301F-11D3-BF4B-00C04F79EFBC}") = "BookkeepingServer.Tests", "Source\BookkeepingServer.Tests\BookkeepingServer.Tests.csproj", "{76E358EE-9EC9-486A-B245-55B551E0D863}"
EndProject
Project("{FAE04EC0-301F-11D3-BF4B-00C04F79EFBC}") = "DesktopBookkeepingClient.Tests", "Source\DesktopBookkepingClient.Tests\DesktopBookkeepingClient.Tests.csproj", "{AE96A485-702E-4809-A12E-CD84178E66B8}"
EndProject
Project("{FAE04EC0-301F-11D3-BF4B-00C04F79EFBC}") = "BookkeepingServerChecker", "Source\BookkeepingServerChecker\BookkeepingServerChecker.csproj", "{CF2797FA-695E-4962-A8CE-59D3C5530444}"
EndProject
Project("{FAE04EC0-301F-11D3-BF4B-00C04F79EFBC}") = "Privat24Module", "Source\Privat24Module\Privat24Module.csproj", "{55E43F92-5926-41A6-8101-41D315A727AE}"
EndProject
Project("{2150E333-8FDC-42A3-9474-1A3956D46DE8}") = "Server", "Server", "{ACB15F55-C214-4188-B3A3-7AC9AF6F3998}"
EndProject
Project("{2150E333-8FDC-42A3-9474-1A3956D46DE8}") = "Client", "Client", "{FF4099D4-3B1A-483B-B202-AD080683C185}"
EndProject
Project("{2150E333-8FDC-42A3-9474-1A3956D46DE8}") = "BanksIntegration", "BanksIntegration", "{C0B3B00D-A261-4153-8BCC-C62FE54D819E}"
EndProject
Global
	GlobalSection(SolutionConfigurationPlatforms) = preSolution
		Debug|Any CPU = Debug|Any CPU
		Release|Any CPU = Release|Any CPU
	EndGlobalSection
	GlobalSection(ProjectConfigurationPlatforms) = postSolution
		{A9B75C31-6177-411D-8CAE-D9FF09392CC5}.Debug|Any CPU.ActiveCfg = Debug|Any CPU
		{A9B75C31-6177-411D-8CAE-D9FF09392CC5}.Debug|Any CPU.Build.0 = Debug|Any CPU
		{A9B75C31-6177-411D-8CAE-D9FF09392CC5}.Release|Any CPU.ActiveCfg = Release|Any CPU
		{A9B75C31-6177-411D-8CAE-D9FF09392CC5}.Release|Any CPU.Build.0 = Release|Any CPU
		{2C79824B-DD84-4D52-BEF2-81BDA196CEEB}.Debug|Any CPU.ActiveCfg = Debug|Any CPU
		{2C79824B-DD84-4D52-BEF2-81BDA196CEEB}.Debug|Any CPU.Build.0 = Debug|Any CPU
		{2C79824B-DD84-4D52-BEF2-81BDA196CEEB}.Release|Any CPU.ActiveCfg = Release|Any CPU
		{2C79824B-DD84-4D52-BEF2-81BDA196CEEB}.Release|Any CPU.Build.0 = Release|Any CPU
		{76E358EE-9EC9-486A-B245-55B551E0D863}.Debug|Any CPU.ActiveCfg = Debug|Any CPU
		{76E358EE-9EC9-486A-B245-55B551E0D863}.Debug|Any CPU.Build.0 = Debug|Any CPU
		{76E358EE-9EC9-486A-B245-55B551E0D863}.Release|Any CPU.ActiveCfg = Release|Any CPU
		{76E358EE-9EC9-486A-B245-55B551E0D863}.Release|Any CPU.Build.0 = Release|Any CPU
		{AE96A485-702E-4809-A12E-CD84178E66B8}.Debug|Any CPU.ActiveCfg = Debug|Any CPU
		{AE96A485-702E-4809-A12E-CD84178E66B8}.Debug|Any CPU.Build.0 = Debug|Any CPU
		{AE96A485-702E-4809-A12E-CD84178E66B8}.Release|Any CPU.ActiveCfg = Release|Any CPU
		{AE96A485-702E-4809-A12E-CD84178E66B8}.Release|Any CPU.Build.0 = Release|Any CPU
		{CF2797FA-695E-4962-A8CE-59D3C5530444}.Debug|Any CPU.ActiveCfg = Debug|Any CPU
		{CF2797FA-695E-4962-A8CE-59D3C5530444}.Debug|Any CPU.Build.0 = Debug|Any CPU
		{CF2797FA-695E-4962-A8CE-59D3C5530444}.Release|Any CPU.ActiveCfg = Release|Any CPU
		{CF2797FA-695E-4962-A8CE-59D3C5530444}.Release|Any CPU.Build.0 = Release|Any CPU
		{55E43F92-5926-41A6-8101-41D315A727AE}.Debug|Any CPU.ActiveCfg = Debug|Any CPU
		{55E43F92-5926-41A6-8101-41D315A727AE}.Debug|Any CPU.Build.0 = Debug|Any CPU
		{55E43F92-5926-41A6-8101-41D315A727AE}.Release|Any CPU.ActiveCfg = Release|Any CPU
		{55E43F92-5926-41A6-8101-41D315A727AE}.Release|Any CPU.Build.0 = Release|Any CPU
	EndGlobalSection
	GlobalSection(SolutionProperties) = preSolution
		HideSolutionNode = FALSE
	EndGlobalSection
	GlobalSection(NestedProjects) = preSolution
		{A9B75C31-6177-411D-8CAE-D9FF09392CC5} = {FF4099D4-3B1A-483B-B202-AD080683C185}
		{2C79824B-DD84-4D52-BEF2-81BDA196CEEB} = {ACB15F55-C214-4188-B3A3-7AC9AF6F3998}
		{76E358EE-9EC9-486A-B245-55B551E0D863} = {ACB15F55-C214-4188-B3A3-7AC9AF6F3998}
		{AE96A485-702E-4809-A12E-CD84178E66B8} = {FF4099D4-3B1A-483B-B202-AD080683C185}
		{CF2797FA-695E-4962-A8CE-59D3C5530444} = {ACB15F55-C214-4188-B3A3-7AC9AF6F3998}
		{55E43F92-5926-41A6-8101-41D315A727AE} = {C0B3B00D-A261-4153-8BCC-C62FE54D819E}
	EndGlobalSection
EndGlobal
